
Microsoft Visual Studio Solution File, Format Version 12.00
# Visual Studio 15
VisualStudioVersion = 15.0.28307.645
MinimumVisualStudioVersion = 10.0.40219.1
Project("{2150E333-8FDC-42A3-9474-1A3956D46DE8}") = "GOF", "GOF", "{C97F60F1-3A07-4533-9D61-B657C0FFD7D6}"
EndProject
Project("{2150E333-8FDC-42A3-9474-1A3956D46DE8}") = "Other", "Other", "{56DBBAD7-91DE-4A1D-9180-44F6E0A8E999}"
EndProject
Project("{2150E333-8FDC-42A3-9474-1A3956D46DE8}") = "Creational", "Creational", "{5CA2E85C-D7E8-49EC-B0C0-43966F22A603}"
EndProject
Project("{2150E333-8FDC-42A3-9474-1A3956D46DE8}") = "Structural", "Structural", "{84690DBF-068C-410D-A3BA-0CFC2A6CD5F0}"
EndProject
Project("{2150E333-8FDC-42A3-9474-1A3956D46DE8}") = "Behavioral", "Behavioral", "{3DF85148-E217-41B3-9442-7B6D95477DB6}"
EndProject
Project("{FAE04EC0-301F-11D3-BF4B-00C04F79EFBC}") = "PubSub", "PubSub\PubSub.csproj", "{B8CDCCA6-3ADE-41D4-A668-DB59A7CB886B}"
EndProject
Project("{FAE04EC0-301F-11D3-BF4B-00C04F79EFBC}") = "Observer", "Observer\Observer.csproj", "{CB2F19D2-FE12-4F17-8ED5-36402682C5A5}"
EndProject
Project("{2150E333-8FDC-42A3-9474-1A3956D46DE8}") = "Singleton", "Singleton", "{87D53DE2-7D8F-40F0-9FAC-A7A8DF1BBB9E}"
EndProject
Project("{FAE04EC0-301F-11D3-BF4B-00C04F79EFBC}") = "SingletonWithoutThreadSafety", "SingletonWithoutThreadSafety\SingletonWithoutThreadSafety.csproj", "{ECE1FE73-0A0B-4F8E-8C2F-6129DDDAD4B3}"
EndProject
Project("{FAE04EC0-301F-11D3-BF4B-00C04F79EFBC}") = "SingletonWithThreadSafety", "SingletonWithThreadSafety\SingletonWithThreadSafety.csproj", "{B3995B68-50BD-4A26-82B7-AA056B5853EE}"
EndProject
Project("{FAE04EC0-301F-11D3-BF4B-00C04F79EFBC}") = "SingletonWithThreadSafetyWithDoubleCheck", "SingletonWithThreadSafetyWithDoubleCheck\SingletonWithThreadSafetyWithDoubleCheck.csproj", "{FCD3645F-ED1B-4103-8600-6E495DF609DF}"
EndProject
Project("{FAE04EC0-301F-11D3-BF4B-00C04F79EFBC}") = "SingletonWithLazyInstantiation", "SingletonWithLazyInstantiation\SingletonWithLazyInstantiation.csproj", "{E3B442E3-48CA-465C-9AE3-6F4850CDCE74}"
EndProject
Project("{FAE04EC0-301F-11D3-BF4B-00C04F79EFBC}") = "SingletonWithFullyLazyInstantiation", "SingletonWithFullyLazyInstantiation\SingletonWithFullyLazyInstantiation.csproj", "{8136EA6F-029E-4D80-AF50-E603FF2DBDA5}"
EndProject
Global
	GlobalSection(SolutionConfigurationPlatforms) = preSolution
		Debug|Any CPU = Debug|Any CPU
		Release|Any CPU = Release|Any CPU
	EndGlobalSection
	GlobalSection(ProjectConfigurationPlatforms) = postSolution
		{B8CDCCA6-3ADE-41D4-A668-DB59A7CB886B}.Debug|Any CPU.ActiveCfg = Debug|Any CPU
		{B8CDCCA6-3ADE-41D4-A668-DB59A7CB886B}.Debug|Any CPU.Build.0 = Debug|Any CPU
		{B8CDCCA6-3ADE-41D4-A668-DB59A7CB886B}.Release|Any CPU.ActiveCfg = Release|Any CPU
		{B8CDCCA6-3ADE-41D4-A668-DB59A7CB886B}.Release|Any CPU.Build.0 = Release|Any CPU
		{CB2F19D2-FE12-4F17-8ED5-36402682C5A5}.Debug|Any CPU.ActiveCfg = Debug|Any CPU
		{CB2F19D2-FE12-4F17-8ED5-36402682C5A5}.Debug|Any CPU.Build.0 = Debug|Any CPU
		{CB2F19D2-FE12-4F17-8ED5-36402682C5A5}.Release|Any CPU.ActiveCfg = Release|Any CPU
		{CB2F19D2-FE12-4F17-8ED5-36402682C5A5}.Release|Any CPU.Build.0 = Release|Any CPU
		{ECE1FE73-0A0B-4F8E-8C2F-6129DDDAD4B3}.Debug|Any CPU.ActiveCfg = Debug|Any CPU
		{ECE1FE73-0A0B-4F8E-8C2F-6129DDDAD4B3}.Debug|Any CPU.Build.0 = Debug|Any CPU
		{ECE1FE73-0A0B-4F8E-8C2F-6129DDDAD4B3}.Release|Any CPU.ActiveCfg = Release|Any CPU
		{ECE1FE73-0A0B-4F8E-8C2F-6129DDDAD4B3}.Release|Any CPU.Build.0 = Release|Any CPU
		{B3995B68-50BD-4A26-82B7-AA056B5853EE}.Debug|Any CPU.ActiveCfg = Debug|Any CPU
		{B3995B68-50BD-4A26-82B7-AA056B5853EE}.Debug|Any CPU.Build.0 = Debug|Any CPU
		{B3995B68-50BD-4A26-82B7-AA056B5853EE}.Release|Any CPU.ActiveCfg = Release|Any CPU
		{B3995B68-50BD-4A26-82B7-AA056B5853EE}.Release|Any CPU.Build.0 = Release|Any CPU
		{FCD3645F-ED1B-4103-8600-6E495DF609DF}.Debug|Any CPU.ActiveCfg = Debug|Any CPU
		{FCD3645F-ED1B-4103-8600-6E495DF609DF}.Debug|Any CPU.Build.0 = Debug|Any CPU
		{FCD3645F-ED1B-4103-8600-6E495DF609DF}.Release|Any CPU.ActiveCfg = Release|Any CPU
		{FCD3645F-ED1B-4103-8600-6E495DF609DF}.Release|Any CPU.Build.0 = Release|Any CPU
		{E3B442E3-48CA-465C-9AE3-6F4850CDCE74}.Debug|Any CPU.ActiveCfg = Debug|Any CPU
		{E3B442E3-48CA-465C-9AE3-6F4850CDCE74}.Debug|Any CPU.Build.0 = Debug|Any CPU
		{E3B442E3-48CA-465C-9AE3-6F4850CDCE74}.Release|Any CPU.ActiveCfg = Release|Any CPU
		{E3B442E3-48CA-465C-9AE3-6F4850CDCE74}.Release|Any CPU.Build.0 = Release|Any CPU
		{8136EA6F-029E-4D80-AF50-E603FF2DBDA5}.Debug|Any CPU.ActiveCfg = Debug|Any CPU
		{8136EA6F-029E-4D80-AF50-E603FF2DBDA5}.Debug|Any CPU.Build.0 = Debug|Any CPU
		{8136EA6F-029E-4D80-AF50-E603FF2DBDA5}.Release|Any CPU.ActiveCfg = Release|Any CPU
		{8136EA6F-029E-4D80-AF50-E603FF2DBDA5}.Release|Any CPU.Build.0 = Release|Any CPU
	EndGlobalSection
	GlobalSection(SolutionProperties) = preSolution
		HideSolutionNode = FALSE
	EndGlobalSection
	GlobalSection(NestedProjects) = preSolution
		{5CA2E85C-D7E8-49EC-B0C0-43966F22A603} = {C97F60F1-3A07-4533-9D61-B657C0FFD7D6}
		{84690DBF-068C-410D-A3BA-0CFC2A6CD5F0} = {C97F60F1-3A07-4533-9D61-B657C0FFD7D6}
		{3DF85148-E217-41B3-9442-7B6D95477DB6} = {C97F60F1-3A07-4533-9D61-B657C0FFD7D6}
		{B8CDCCA6-3ADE-41D4-A668-DB59A7CB886B} = {56DBBAD7-91DE-4A1D-9180-44F6E0A8E999}
		{CB2F19D2-FE12-4F17-8ED5-36402682C5A5} = {3DF85148-E217-41B3-9442-7B6D95477DB6}
		{87D53DE2-7D8F-40F0-9FAC-A7A8DF1BBB9E} = {5CA2E85C-D7E8-49EC-B0C0-43966F22A603}
		{ECE1FE73-0A0B-4F8E-8C2F-6129DDDAD4B3} = {87D53DE2-7D8F-40F0-9FAC-A7A8DF1BBB9E}
		{B3995B68-50BD-4A26-82B7-AA056B5853EE} = {87D53DE2-7D8F-40F0-9FAC-A7A8DF1BBB9E}
		{FCD3645F-ED1B-4103-8600-6E495DF609DF} = {87D53DE2-7D8F-40F0-9FAC-A7A8DF1BBB9E}
		{E3B442E3-48CA-465C-9AE3-6F4850CDCE74} = {87D53DE2-7D8F-40F0-9FAC-A7A8DF1BBB9E}
		{8136EA6F-029E-4D80-AF50-E603FF2DBDA5} = {87D53DE2-7D8F-40F0-9FAC-A7A8DF1BBB9E}
	EndGlobalSection
	GlobalSection(ExtensibilityGlobals) = postSolution
		SolutionGuid = {5A86D92D-35BB-4972-963B-18B47E44E214}
	EndGlobalSection
EndGlobal
